
Microsoft Visual Studio Solution File, Format Version 12.00
# Visual Studio 2013
VisualStudioVersion = 12.0.31101.0
MinimumVisualStudioVersion = 10.0.40219.1
Project("{FAE04EC0-301F-11D3-BF4B-00C04F79EFBC}") = "GETweetsWeb", "GETweetsWeb\GETweetsWeb.csproj", "{AD448B49-1CB7-4FE0-B19A-8E4E366B8FE8}"
EndProject
Project("{2150E333-8FDC-42A3-9474-1A3956D46DE8}") = "PublishScripts", "PublishScripts", "{3A4ADCE5-8C93-4900-B627-E81B4DCB05C1}"
	ProjectSection(SolutionItems) = preProject
		PublishScripts\AzureWebsitePublishModule.psm1 = PublishScripts\AzureWebsitePublishModule.psm1
		..\..\..\Users\gxk\Downloads\ge2015twittertracker.azurewebsites.net.PublishSettings = ..\..\..\Users\gxk\Downloads\ge2015twittertracker.azurewebsites.net.PublishSettings
		PublishScripts\Publish-WebApplicationWebsite.ps1 = PublishScripts\Publish-WebApplicationWebsite.ps1
	EndProjectSection
EndProject
Project("{2150E333-8FDC-42A3-9474-1A3956D46DE8}") = "Configurations", "Configurations", "{D9E0AB93-5683-42CF-9ECA-8A0CEBB0DD12}"
	ProjectSection(SolutionItems) = preProject
		PublishScripts\Configurations\GETweetsWeb-WAWS-dev.json = PublishScripts\Configurations\GETweetsWeb-WAWS-dev.json
	EndProjectSection
EndProject
Global
	GlobalSection(SolutionConfigurationPlatforms) = preSolution
		Debug|Any CPU = Debug|Any CPU
		Release|Any CPU = Release|Any CPU
	EndGlobalSection
	GlobalSection(ProjectConfigurationPlatforms) = postSolution
		{AD448B49-1CB7-4FE0-B19A-8E4E366B8FE8}.Debug|Any CPU.ActiveCfg = Debug|Any CPU
		{AD448B49-1CB7-4FE0-B19A-8E4E366B8FE8}.Debug|Any CPU.Build.0 = Debug|Any CPU
		{AD448B49-1CB7-4FE0-B19A-8E4E366B8FE8}.Release|Any CPU.ActiveCfg = Release|Any CPU
		{AD448B49-1CB7-4FE0-B19A-8E4E366B8FE8}.Release|Any CPU.Build.0 = Release|Any CPU
	EndGlobalSection
	GlobalSection(SolutionProperties) = preSolution
		HideSolutionNode = FALSE
	EndGlobalSection
	GlobalSection(NestedProjects) = preSolution
		{D9E0AB93-5683-42CF-9ECA-8A0CEBB0DD12} = {3A4ADCE5-8C93-4900-B627-E81B4DCB05C1}
	EndGlobalSection
EndGlobal
